Microsoft Visual Studio Solution File, Format Version 12.00
# Visual Studio Version 17
VisualStudioVersion = 17.5.2.0
MinimumVisualStudioVersion = 10.0.40219.1
Project("{FAE04EC0-301F-11D3-BF4B-00C04F79EFBC}") = "Microsoft Full-Stack Developer Course 1 Project", "Microsoft Full-Stack Developer Course 1 Project.csproj", "{98EAAD0F-57E2-5751-7563-AE8C16608824}"
EndProject
Global
	GlobalSection(SolutionConfigurationPlatforms) = preSolution
		Debug|Any CPU = Debug|Any CPU
		Release|Any CPU = Release|Any CPU
	EndGlobalSection
	GlobalSection(ProjectConfigurationPlatforms) = postSolution
		{98EAAD0F-57E2-5751-7563-AE8C16608824}.Debug|Any CPU.ActiveCfg = Debug|Any CPU
		{98EAAD0F-57E2-5751-7563-AE8C16608824}.Debug|Any CPU.Build.0 = Debug|Any CPU
		{98EAAD0F-57E2-5751-7563-AE8C16608824}.Release|Any CPU.ActiveCfg = Release|Any CPU
		{98EAAD0F-57E2-5751-7563-AE8C16608824}.Release|Any CPU.Build.0 = Release|Any CPU
	EndGlobalSection
	GlobalSection(SolutionProperties) = preSolution
		HideSolutionNode = FALSE
	EndGlobalSection
	GlobalSection(ExtensibilityGlobals) = postSolution
		SolutionGuid = {D016EE29-F6D2-4329-BA0A-2582EAC971C9}
	EndGlobalSection
EndGlobal
